github.com/blackorder/chanhub v0.1.0 h1:0Zj9ve7Wmb4lUk8D6wEE4TeLNngsyT/m2EtXOKs8f/8=
github.com/blackorder/chanhub v0.1.0/go.mod h1:ej86G24dY2z7NyEuRtXLNJsHZXkNvDHxVyKLlISbGTY=
github.com/blackorder/chanhub v0.1.1 h1:7arShwKKGyrVmpPY1AXQowT93SdSBN01L+YSqZlQkWY=
github.com/blackorder/chanhub v0.1.1/go.mod h1:ej86G24dY2z7NyEuRtXLNJsHZXkNvDHxVyKLlISbGTY=
